
Microsoft Visual Studio Solution File, Format Version 12.00
# Visual Studio Version 17
VisualStudioVersion = 17.0.31903.59
MinimumVisualStudioVersion = 10.0.40219.1
Project("{2150E333-8FDC-42A3-9474-1A3956D46DE8}") = "src", "src", "{827E0CD3-B72D-47B6-A68D-7590B98EB39B}"
EndProject
Project("{2150E333-8FDC-42A3-9474-1A3956D46DE8}") = "Core", "Core", "{8D626EA8-CB54-BC41-363A-217881BEBA6E}"
EndProject
Project("{FAE04EC0-301F-11D3-BF4B-00C04F79EFBC}") = "CleanArchitecture.Domain", "src\Core\CleanArchitecture.Domain\CleanArchitecture.Domain.csproj", "{2A109581-C8FC-4140-BA30-673F5E50BC25}"
EndProject
Project("{FAE04EC0-301F-11D3-BF4B-00C04F79EFBC}") = "CleanArchitecture.Application", "src\Core\CleanArchitecture.Application\CleanArchitecture.Application.csproj", "{EA7E407A-C587-42C6-87C2-6DADC5C9645F}"
EndProject
Project("{FAE04EC0-301F-11D3-BF4B-00C04F79EFBC}") = "CleanArchitecture.Infraestructure", "src\CleanArchitecture.Infraestructure\CleanArchitecture.Infraestructure.csproj", "{98E89F0C-7C0E-44B9-889E-54C661FF1C6C}"
EndProject
Project("{FAE04EC0-301F-11D3-BF4B-00C04F79EFBC}") = "CleanArchitecture.Api", "src\CleanArchitecture.Api\CleanArchitecture.Api.csproj", "{66CB8D19-0A10-461F-BA4B-0364F63C9A41}"
EndProject
Project("{E53339B2-1760-4266-BCC7-CA923CBCF16C}") = "docker-compose", "docker-compose.dcproj", "{81DDED9D-158B-E303-5F62-77A2896D2A5A}"
EndProject
Project("{2150E333-8FDC-42A3-9474-1A3956D46DE8}") = "Solution Items", "Solution Items", "{8EC462FD-D22E-90A8-E5CE-7E832BA40C5D}"
	ProjectSection(SolutionItems) = preProject
		README.md = README.md
	EndProjectSection
EndProject
Global
	GlobalSection(SolutionConfigurationPlatforms) = preSolution
		Debug|Any CPU = Debug|Any CPU
		Debug|x64 = Debug|x64
		Debug|x86 = Debug|x86
		Release|Any CPU = Release|Any CPU
		Release|x64 = Release|x64
		Release|x86 = Release|x86
	EndGlobalSection
	GlobalSection(ProjectConfigurationPlatforms) = postSolution
		{2A109581-C8FC-4140-BA30-673F5E50BC25}.Debug|Any CPU.ActiveCfg = Debug|Any CPU
		{2A109581-C8FC-4140-BA30-673F5E50BC25}.Debug|Any CPU.Build.0 = Debug|Any CPU
		{2A109581-C8FC-4140-BA30-673F5E50BC25}.Debug|x64.ActiveCfg = Debug|Any CPU
		{2A109581-C8FC-4140-BA30-673F5E50BC25}.Debug|x64.Build.0 = Debug|Any CPU
		{2A109581-C8FC-4140-BA30-673F5E50BC25}.Debug|x86.ActiveCfg = Debug|Any CPU
		{2A109581-C8FC-4140-BA30-673F5E50BC25}.Debug|x86.Build.0 = Debug|Any CPU
		{2A109581-C8FC-4140-BA30-673F5E50BC25}.Release|Any CPU.ActiveCfg = Release|Any CPU
		{2A109581-C8FC-4140-BA30-673F5E50BC25}.Release|Any CPU.Build.0 = Release|Any CPU
		{2A109581-C8FC-4140-BA30-673F5E50BC25}.Release|x64.ActiveCfg = Release|Any CPU
		{2A109581-C8FC-4140-BA30-673F5E50BC25}.Release|x64.Build.0 = Release|Any CPU
		{2A109581-C8FC-4140-BA30-673F5E50BC25}.Release|x86.ActiveCfg = Release|Any CPU
		{2A109581-C8FC-4140-BA30-673F5E50BC25}.Release|x86.Build.0 = Release|Any CPU
		{EA7E407A-C587-42C6-87C2-6DADC5C9645F}.Debug|Any CPU.ActiveCfg = Debug|Any CPU
		{EA7E407A-C587-42C6-87C2-6DADC5C9645F}.Debug|Any CPU.Build.0 = Debug|Any CPU
		{EA7E407A-C587-42C6-87C2-6DADC5C9645F}.Debug|x64.ActiveCfg = Debug|Any CPU
		{EA7E407A-C587-42C6-87C2-6DADC5C9645F}.Debug|x64.Build.0 = Debug|Any CPU
		{EA7E407A-C587-42C6-87C2-6DADC5C9645F}.Debug|x86.ActiveCfg = Debug|Any CPU
		{EA7E407A-C587-42C6-87C2-6DADC5C9645F}.Debug|x86.Build.0 = Debug|Any CPU
		{EA7E407A-C587-42C6-87C2-6DADC5C9645F}.Release|Any CPU.ActiveCfg = Release|Any CPU
		{EA7E407A-C587-42C6-87C2-6DADC5C9645F}.Release|Any CPU.Build.0 = Release|Any CPU
		{EA7E407A-C587-42C6-87C2-6DADC5C9645F}.Release|x64.ActiveCfg = Release|Any CPU
		{EA7E407A-C587-42C6-87C2-6DADC5C9645F}.Release|x64.Build.0 = Release|Any CPU
		{EA7E407A-C587-42C6-87C2-6DADC5C9645F}.Release|x86.ActiveCfg = Release|Any CPU
		{EA7E407A-C587-42C6-87C2-6DADC5C9645F}.Release|x86.Build.0 = Release|Any CPU
		{98E89F0C-7C0E-44B9-889E-54C661FF1C6C}.Debug|Any CPU.ActiveCfg = Debug|Any CPU
		{98E89F0C-7C0E-44B9-889E-54C661FF1C6C}.Debug|Any CPU.Build.0 = Debug|Any CPU
		{98E89F0C-7C0E-44B9-889E-54C661FF1C6C}.Debug|x64.ActiveCfg = Debug|Any CPU
		{98E89F0C-7C0E-44B9-889E-54C661FF1C6C}.Debug|x64.Build.0 = Debug|Any CPU
		{98E89F0C-7C0E-44B9-889E-54C661FF1C6C}.Debug|x86.ActiveCfg = Debug|Any CPU
		{98E89F0C-7C0E-44B9-889E-54C661FF1C6C}.Debug|x86.Build.0 = Debug|Any CPU
		{98E89F0C-7C0E-44B9-889E-54C661FF1C6C}.Release|Any CPU.ActiveCfg = Release|Any CPU
		{98E89F0C-7C0E-44B9-889E-54C661FF1C6C}.Release|Any CPU.Build.0 = Release|Any CPU
		{98E89F0C-7C0E-44B9-889E-54C661FF1C6C}.Release|x64.ActiveCfg = Release|Any CPU
		{98E89F0C-7C0E-44B9-889E-54C661FF1C6C}.Release|x64.Build.0 = Release|Any CPU
		{98E89F0C-7C0E-44B9-889E-54C661FF1C6C}.Release|x86.ActiveCfg = Release|Any CPU
		{98E89F0C-7C0E-44B9-889E-54C661FF1C6C}.Release|x86.Build.0 = Release|Any CPU
		{66CB8D19-0A10-461F-BA4B-0364F63C9A41}.Debug|Any CPU.ActiveCfg = Debug|Any CPU
		{66CB8D19-0A10-461F-BA4B-0364F63C9A41}.Debug|Any CPU.Build.0 = Debug|Any CPU
		{66CB8D19-0A10-461F-BA4B-0364F63C9A41}.Debug|x64.ActiveCfg = Debug|Any CPU
		{66CB8D19-0A10-461F-BA4B-0364F63C9A41}.Debug|x64.Build.0 = Debug|Any CPU
		{66CB8D19-0A10-461F-BA4B-0364F63C9A41}.Debug|x86.ActiveCfg = Debug|Any CPU
		{66CB8D19-0A10-461F-BA4B-0364F63C9A41}.Debug|x86.Build.0 = Debug|Any CPU
		{66CB8D19-0A10-461F-BA4B-0364F63C9A41}.Release|Any CPU.ActiveCfg = Release|Any CPU
		{66CB8D19-0A10-461F-BA4B-0364F63C9A41}.Release|Any CPU.Build.0 = Release|Any CPU
		{66CB8D19-0A10-461F-BA4B-0364F63C9A41}.Release|x64.ActiveCfg = Release|Any CPU
		{66CB8D19-0A10-461F-BA4B-0364F63C9A41}.Release|x64.Build.0 = Release|Any CPU
		{66CB8D19-0A10-461F-BA4B-0364F63C9A41}.Release|x86.ActiveCfg = Release|Any CPU
		{66CB8D19-0A10-461F-BA4B-0364F63C9A41}.Release|x86.Build.0 = Release|Any CPU
		{81DDED9D-158B-E303-5F62-77A2896D2A5A}.Debug|Any CPU.ActiveCfg = Debug|Any CPU
		{81DDED9D-158B-E303-5F62-77A2896D2A5A}.Debug|Any CPU.Build.0 = Debug|Any CPU
		{81DDED9D-158B-E303-5F62-77A2896D2A5A}.Debug|x64.ActiveCfg = Debug|Any CPU
		{81DDED9D-158B-E303-5F62-77A2896D2A5A}.Debug|x64.Build.0 = Debug|Any CPU
		{81DDED9D-158B-E303-5F62-77A2896D2A5A}.Debug|x86.ActiveCfg = Debug|Any CPU
		{81DDED9D-158B-E303-5F62-77A2896D2A5A}.Debug|x86.Build.0 = Debug|Any CPU
		{81DDED9D-158B-E303-5F62-77A2896D2A5A}.Release|Any CPU.ActiveCfg = Release|Any CPU
		{81DDED9D-158B-E303-5F62-77A2896D2A5A}.Release|Any CPU.Build.0 = Release|Any CPU
		{81DDED9D-158B-E303-5F62-77A2896D2A5A}.Release|x64.ActiveCfg = Release|Any CPU
		{81DDED9D-158B-E303-5F62-77A2896D2A5A}.Release|x64.Build.0 = Release|Any CPU
		{81DDED9D-158B-E303-5F62-77A2896D2A5A}.Release|x86.ActiveCfg = Release|Any CPU
		{81DDED9D-158B-E303-5F62-77A2896D2A5A}.Release|x86.Build.0 = Release|Any CPU
	EndGlobalSection
	GlobalSection(SolutionProperties) = preSolution
		HideSolutionNode = FALSE
	EndGlobalSection
	GlobalSection(NestedProjects) = preSolution
		{8D626EA8-CB54-BC41-363A-217881BEBA6E} = {827E0CD3-B72D-47B6-A68D-7590B98EB39B}
		{2A109581-C8FC-4140-BA30-673F5E50BC25} = {8D626EA8-CB54-BC41-363A-217881BEBA6E}
		{EA7E407A-C587-42C6-87C2-6DADC5C9645F} = {8D626EA8-CB54-BC41-363A-217881BEBA6E}
		{98E89F0C-7C0E-44B9-889E-54C661FF1C6C} = {827E0CD3-B72D-47B6-A68D-7590B98EB39B}
		{66CB8D19-0A10-461F-BA4B-0364F63C9A41} = {827E0CD3-B72D-47B6-A68D-7590B98EB39B}
	EndGlobalSection
EndGlobal
